{
    "_readme": [
        "This file locks the dependencies of your project to a known state",
        "Read more about it at https://getcomposer.org/doc/01-basic-usage.md#composer-lock-the-lock-file",
        "This file is @generated automatically"
    ],
    "hash": "4f3ce13eef818468faebfc312a8bb522",
    "content-hash": "c12ade7ad9449b09cee7362b7b65da5d",
    "packages": [
        {
            "name": "doctrine/inflector",
            "version": "dev-master",
            "source": {
                "type": "git",
                "url": "https://github.com/doctrine/inflector.git",
                "reference": "803a2ed9fea02f9ca47cd45395089fe78769a392"
            },
            "dist": {
                "type": "zip",
                "url": "https://packagist.phpcomposer.com/files/doctrine/inflector/803a2ed9fea02f9ca47cd45395089fe78769a392.zip",
                "reference": "803a2ed9fea02f9ca47cd45395089fe78769a392",
                "shasum": ""
            },
            "require": {
                "php": ">=5.3.2"
            },
            "require-dev": {
                "phpunit/phpunit": "4.*"
            },
            "type": "library",
            "extra": {
                "branch-alias": {
                    "dev-master": "1.1.x-dev"
                }
            },
            "autoload": {
                "psr-0": {
                    "Doctrine\\Common\\Inflector\\": "lib/"
                }
            },
            "notification-url": "https://packagist.org/downloads/",
            "license": [
                "MIT"
            ],
            "authors": [
                {
                    "name": "Roman Borschel",
                    "email": "roman@code-factory.org"
                },
                {
                    "name": "Benjamin Eberlei",
                    "email": "kontakt@beberlei.de"
                },
                {
                    "name": "Guilherme Blanco",
                    "email": "guilhermeblanco@gmail.com"
                },
                {
                    "name": "Jonathan Wage",
                    "email": "jonwage@gmail.com"
                },
                {
                    "name": "Johannes Schmitt",
                    "email": "schmittjoh@gmail.com"
                }
            ],
            "description": "Common String Manipulations with regard to casing and singular/plural rules.",
            "homepage": "http://www.doctrine-project.org",
            "keywords": [
                "inflection",
                "pluralize",
                "singularize",
                "string"
            ],
            "time": "2016-05-12 17:23:41"
        },
        {
            "name": "illuminate/contracts",
            "version": "5.2.x-dev",
            "source": {
                "type": "git",
                "url": "https://github.com/illuminate/contracts.git",
                "reference": "22bde7b048a33c702d9737fc1446234fff9b1363"
            },
            "dist": {
                "type": "zip",
                "url": "https://packagist.phpcomposer.com/files/illuminate/contracts/22bde7b048a33c702d9737fc1446234fff9b1363.zip",
                "reference": "22bde7b048a33c702d9737fc1446234fff9b1363",
                "shasum": ""
            },
            "require": {
                "php": ">=5.5.9"
            },
            "type": "library",
            "extra": {
                "branch-alias": {
                    "dev-master": "5.2-dev"
                }
            },
            "autoload": {
                "psr-4": {
                    "Illuminate\\Contracts\\": ""
                }
            },
            "notification-url": "https://packagist.org/downloads/",
            "license": [
                "MIT"
            ],
            "authors": [
                {
                    "name": "Taylor Otwell",
                    "email": "taylor@laravel.com"
                }
            ],
            "description": "The Illuminate Contracts package.",
            "homepage": "http://laravel.com",
            "time": "2016-08-08 11:46:08"
        },
        {
            "name": "illuminate/support",
            "version": "5.2.x-dev",
            "source": {
                "type": "git",
                "url": "https://github.com/illuminate/support.git",
                "reference": "ba979ee49a0be1a694bebecc4e7b35df03cedda9"
            },
            "dist": {
                "type": "zip",
                "url": "https://packagist.phpcomposer.com/files/illuminate/support/ba979ee49a0be1a694bebecc4e7b35df03cedda9.zip",
                "reference": "ba979ee49a0be1a694bebecc4e7b35df03cedda9",
                "shasum": ""
            },
            "require": {
                "doctrine/inflector": "~1.0",
                "ext-mbstring": "*",
                "illuminate/contracts": "5.2.*",
                "paragonie/random_compat": "~1.4",
                "php": ">=5.5.9"
            },
            "replace": {
                "tightenco/collect": "self.version"
            },
            "suggest": {
                "illuminate/filesystem": "Required to use the composer class (5.2.*).",
                "jeremeamia/superclosure": "Required to be able to serialize closures (~2.2).",
                "symfony/polyfill-php56": "Required to use the hash_equals function on PHP 5.5 (~1.0).",
                "symfony/process": "Required to use the composer class (2.8.*|3.0.*).",
                "symfony/var-dumper": "Improves the dd function (2.8.*|3.0.*)."
            },
            "type": "library",
            "extra": {
                "branch-alias": {
                    "dev-master": "5.2-dev"
                }
            },
            "autoload": {
                "psr-4": {
                    "Illuminate\\Support\\": ""
                },
                "files": [
                    "helpers.php"
                ]
            },
            "notification-url": "https://packagist.org/downloads/",
            "license": [
                "MIT"
            ],
            "authors": [
                {
                    "name": "Taylor Otwell",
                    "email": "taylor@laravel.com"
                }
            ],
            "description": "The Illuminate Support package.",
            "homepage": "http://laravel.com",
            "time": "2016-12-03 18:52:25"
        },
        {
            "name": "paragonie/random_compat",
            "version": "v1.x-dev",
            "source": {
                "type": "git",
                "url": "https://github.com/paragonie/random_compat.git",
                "reference": "1115ffa06bad72d01735d91f51eb022db556e205"
            },
            "dist": {
                "type": "zip",
                "url": "https://packagist.phpcomposer.com/files/paragonie/random_compat/1115ffa06bad72d01735d91f51eb022db556e205.zip",
                "reference": "1115ffa06bad72d01735d91f51eb022db556e205",
                "shasum": ""
            },
            "require": {
                "php": ">=5.2.0"
            },
            "require-dev": {
                "phpunit/phpunit": "4.*|5.*"
            },
            "suggest": {
                "ext-libsodium": "Provides a modern crypto API that can be used to generate random bytes."
            },
            "type": "library",
            "autoload": {
                "files": [
                    "lib/random.php"
                ]
            },
            "notification-url": "https://packagist.org/downloads/",
            "license": [
                "MIT"
            ],
            "authors": [
                {
                    "name": "Paragon Initiative Enterprises",
                    "email": "security@paragonie.com",
                    "homepage": "https://paragonie.com"
                }
            ],
            "description": "PHP 5.x polyfill for random_bytes() and random_int() from PHP 7",
            "keywords": [
                "csprng",
                "pseudorandom",
                "random"
            ],
            "time": "2016-04-03 05:47:09"
        }
    ],
    "packages-dev": [],
    "aliases": [],
    "minimum-stability": "dev",
    "stability-flags": [],
    "prefer-stable": false,
    "prefer-lowest": false,
    "platform": {
        "php": ">=5.5.9",
        "ext-mbstring": "*",
        "lib-pcre": "*"
    },
    "platform-dev": []
}
